
Microsoft Visual Studio Solution File, Format Version 12.00
# Visual Studio Version 16
VisualStudioVersion = 16.0.31321.278
MinimumVisualStudioVersion = 10.0.40219.1
Project("{FAE04EC0-301F-11D3-BF4B-00C04F79EFBC}") = "IS-1-20-SmolinSD-U", "IS-1-20-SmolinSD-U\IS-1-20-SmolinSD-U.csproj", "{5F63DB10-D239-4C5B-AB00-D0AF1BC585EE}"
EndProject
Global
	GlobalSection(SolutionConfigurationPlatforms) = preSolution
		Debug|Any CPU = Debug|Any CPU
		Release|Any CPU = Release|Any CPU
	EndGlobalSection
	GlobalSection(ProjectConfigurationPlatforms) = postSolution
		{5F63DB10-D239-4C5B-AB00-D0AF1BC585EE}.Debug|Any CPU.ActiveCfg = Debug|Any CPU
		{5F63DB10-D239-4C5B-AB00-D0AF1BC585EE}.Debug|Any CPU.Build.0 = Debug|Any CPU
		{5F63DB10-D239-4C5B-AB00-D0AF1BC585EE}.Release|Any CPU.ActiveCfg = Release|Any CPU
		{5F63DB10-D239-4C5B-AB00-D0AF1BC585EE}.Release|Any CPU.Build.0 = Release|Any CPU
	EndGlobalSection
	GlobalSection(SolutionProperties) = preSolution
		HideSolutionNode = FALSE
	EndGlobalSection
	GlobalSection(ExtensibilityGlobals) = postSolution
		SolutionGuid = {E91A9066-0D24-44E2-90DC-A615BAFA8DBF}
	EndGlobalSection
EndGlobal
